
Microsoft Visual Studio Solution File, Format Version 12.00
# Visual Studio 15
VisualStudioVersion = 15.0.26730.15
MinimumVisualStudioVersion = 10.0.40219.1
Project("{FAE04EC0-301F-11D3-BF4B-00C04F79EFBC}") = "OPCClientApp", "OPCClientApp\OPCClientApp.csproj", "{70842AB1-C94A-4D61-ADA8-3A147AB2BA85}"
EndProject
Project("{FAE04EC0-301F-11D3-BF4B-00C04F79EFBC}") = "MyOPC", "MyOPC\MyOPC.csproj", "{B4A46C67-8606-4F78-997F-43A81C178ABC}"
EndProject
Project("{FAE04EC0-301F-11D3-BF4B-00C04F79EFBC}") = "MyOPCClient", "MyOPCClient\MyOPCClient.csproj", "{70946566-F660-4F29-B04A-F182F54ED7E6}"
EndProject
Global
	GlobalSection(SolutionConfigurationPlatforms) = preSolution
		Debug|Any CPU = Debug|Any CPU
		Debug|ARM = Debug|ARM
		Debug|x64 = Debug|x64
		Debug|x86 = Debug|x86
		Release|Any CPU = Release|Any CPU
		Release|ARM = Release|ARM
		Release|x64 = Release|x64
		Release|x86 = Release|x86
	EndGlobalSection
	GlobalSection(ProjectConfigurationPlatforms) = postSolution
		{70842AB1-C94A-4D61-ADA8-3A147AB2BA85}.Debug|Any CPU.ActiveCfg = Debug|Any CPU
		{70842AB1-C94A-4D61-ADA8-3A147AB2BA85}.Debug|Any CPU.Build.0 = Debug|Any CPU
		{70842AB1-C94A-4D61-ADA8-3A147AB2BA85}.Debug|ARM.ActiveCfg = Debug|Any CPU
		{70842AB1-C94A-4D61-ADA8-3A147AB2BA85}.Debug|ARM.Build.0 = Debug|Any CPU
		{70842AB1-C94A-4D61-ADA8-3A147AB2BA85}.Debug|x64.ActiveCfg = Debug|Any CPU
		{70842AB1-C94A-4D61-ADA8-3A147AB2BA85}.Debug|x64.Build.0 = Debug|Any CPU
		{70842AB1-C94A-4D61-ADA8-3A147AB2BA85}.Debug|x86.ActiveCfg = Debug|Any CPU
		{70842AB1-C94A-4D61-ADA8-3A147AB2BA85}.Debug|x86.Build.0 = Debug|Any CPU
		{70842AB1-C94A-4D61-ADA8-3A147AB2BA85}.Release|Any CPU.ActiveCfg = Release|Any CPU
		{70842AB1-C94A-4D61-ADA8-3A147AB2BA85}.Release|Any CPU.Build.0 = Release|Any CPU
		{70842AB1-C94A-4D61-ADA8-3A147AB2BA85}.Release|ARM.ActiveCfg = Release|Any CPU
		{70842AB1-C94A-4D61-ADA8-3A147AB2BA85}.Release|ARM.Build.0 = Release|Any CPU
		{70842AB1-C94A-4D61-ADA8-3A147AB2BA85}.Release|x64.ActiveCfg = Release|Any CPU
		{70842AB1-C94A-4D61-ADA8-3A147AB2BA85}.Release|x64.Build.0 = Release|Any CPU
		{70842AB1-C94A-4D61-ADA8-3A147AB2BA85}.Release|x86.ActiveCfg = Release|Any CPU
		{70842AB1-C94A-4D61-ADA8-3A147AB2BA85}.Release|x86.Build.0 = Release|Any CPU
		{B4A46C67-8606-4F78-997F-43A81C178ABC}.Debug|Any CPU.ActiveCfg = Debug|Any CPU
		{B4A46C67-8606-4F78-997F-43A81C178ABC}.Debug|Any CPU.Build.0 = Debug|Any CPU
		{B4A46C67-8606-4F78-997F-43A81C178ABC}.Debug|ARM.ActiveCfg = Debug|ARM
		{B4A46C67-8606-4F78-997F-43A81C178ABC}.Debug|ARM.Build.0 = Debug|ARM
		{B4A46C67-8606-4F78-997F-43A81C178ABC}.Debug|x64.ActiveCfg = Debug|x64
		{B4A46C67-8606-4F78-997F-43A81C178ABC}.Debug|x64.Build.0 = Debug|x64
		{B4A46C67-8606-4F78-997F-43A81C178ABC}.Debug|x86.ActiveCfg = Debug|x86
		{B4A46C67-8606-4F78-997F-43A81C178ABC}.Debug|x86.Build.0 = Debug|x86
		{B4A46C67-8606-4F78-997F-43A81C178ABC}.Release|Any CPU.ActiveCfg = Release|Any CPU
		{B4A46C67-8606-4F78-997F-43A81C178ABC}.Release|Any CPU.Build.0 = Release|Any CPU
		{B4A46C67-8606-4F78-997F-43A81C178ABC}.Release|ARM.ActiveCfg = Release|ARM
		{B4A46C67-8606-4F78-997F-43A81C178ABC}.Release|ARM.Build.0 = Release|ARM
		{B4A46C67-8606-4F78-997F-43A81C178ABC}.Release|x64.ActiveCfg = Release|x64
		{B4A46C67-8606-4F78-997F-43A81C178ABC}.Release|x64.Build.0 = Release|x64
		{B4A46C67-8606-4F78-997F-43A81C178ABC}.Release|x86.ActiveCfg = Release|x86
		{B4A46C67-8606-4F78-997F-43A81C178ABC}.Release|x86.Build.0 = Release|x86
		{70946566-F660-4F29-B04A-F182F54ED7E6}.Debug|Any CPU.ActiveCfg = Debug|Any CPU
		{70946566-F660-4F29-B04A-F182F54ED7E6}.Debug|Any CPU.Build.0 = Debug|Any CPU
		{70946566-F660-4F29-B04A-F182F54ED7E6}.Debug|ARM.ActiveCfg = Debug|Any CPU
		{70946566-F660-4F29-B04A-F182F54ED7E6}.Debug|ARM.Build.0 = Debug|Any CPU
		{70946566-F660-4F29-B04A-F182F54ED7E6}.Debug|x64.ActiveCfg = Debug|Any CPU
		{70946566-F660-4F29-B04A-F182F54ED7E6}.Debug|x64.Build.0 = Debug|Any CPU
		{70946566-F660-4F29-B04A-F182F54ED7E6}.Debug|x86.ActiveCfg = Debug|Any CPU
		{70946566-F660-4F29-B04A-F182F54ED7E6}.Debug|x86.Build.0 = Debug|Any CPU
		{70946566-F660-4F29-B04A-F182F54ED7E6}.Release|Any CPU.ActiveCfg = Release|Any CPU
		{70946566-F660-4F29-B04A-F182F54ED7E6}.Release|Any CPU.Build.0 = Release|Any CPU
		{70946566-F660-4F29-B04A-F182F54ED7E6}.Release|ARM.ActiveCfg = Release|Any CPU
		{70946566-F660-4F29-B04A-F182F54ED7E6}.Release|ARM.Build.0 = Release|Any CPU
		{70946566-F660-4F29-B04A-F182F54ED7E6}.Release|x64.ActiveCfg = Release|Any CPU
		{70946566-F660-4F29-B04A-F182F54ED7E6}.Release|x64.Build.0 = Release|Any CPU
		{70946566-F660-4F29-B04A-F182F54ED7E6}.Release|x86.ActiveCfg = Release|Any CPU
		{70946566-F660-4F29-B04A-F182F54ED7E6}.Release|x86.Build.0 = Release|Any CPU
	EndGlobalSection
	GlobalSection(SolutionProperties) = preSolution
		HideSolutionNode = FALSE
	EndGlobalSection
	GlobalSection(ExtensibilityGlobals) = postSolution
		SolutionGuid = {9068DC93-FAC1-4695-BBC5-E5FA85C97155}
	EndGlobalSection
EndGlobal
