
Microsoft Visual Studio Solution File, Format Version 12.00
# Visual Studio 15
VisualStudioVersion = 15.0.26730.15
MinimumVisualStudioVersion = 10.0.40219.1
Project("{FAE04EC0-301F-11D3-BF4B-00C04F79EFBC}") = "CountDownApp", "CountDownApp\CountDownApp.csproj", "{21E5CDC0-F220-40BC-B284-F2EDF5EA1545}"
EndProject
Global
	GlobalSection(SolutionConfigurationPlatforms) = preSolution
		Debug|Any CPU = Debug|Any CPU
		Release|Any CPU = Release|Any CPU
	EndGlobalSection
	GlobalSection(ProjectConfigurationPlatforms) = postSolution
		{21E5CDC0-F220-40BC-B284-F2EDF5EA1545}.Debug|Any CPU.ActiveCfg = Debug|Any CPU
		{21E5CDC0-F220-40BC-B284-F2EDF5EA1545}.Debug|Any CPU.Build.0 = Debug|Any CPU
		{21E5CDC0-F220-40BC-B284-F2EDF5EA1545}.Release|Any CPU.ActiveCfg = Release|Any CPU
		{21E5CDC0-F220-40BC-B284-F2EDF5EA1545}.Release|Any CPU.Build.0 = Release|Any CPU
	EndGlobalSection
	GlobalSection(SolutionProperties) = preSolution
		HideSolutionNode = FALSE
	EndGlobalSection
	GlobalSection(ExtensibilityGlobals) = postSolution
		SolutionGuid = {03E53AD6-D54F-4BC1-9C24-C7A59BD726CB}
	EndGlobalSection
EndGlobal
